Microsoft Visual Studio Solution File, Format Version 12.00
# Visual Studio Version 17
VisualStudioVersion = 17.5.2.0
MinimumVisualStudioVersion = 10.0.40219.1
Project("{2150E333-8FDC-42A3-9474-1A3956D46DE8}") = "DTFx", "DTFx", "{48BCA608-B37C-A5EE-74CE-26B38C71C515}"
EndProject
Project("{2150E333-8FDC-42A3-9474-1A3956D46DE8}") = "Portable", "Portable", "{80445ED8-1328-06DE-D1A1-1272C52BEB66}"
EndProject
Project("{FAE04EC0-301F-11D3-BF4B-00C04F79EFBC}") = "DTFx.AppHost", "DTFx\DTFx.AppHost\DTFx.AppHost.csproj", "{8F442A26-F3A0-98E7-CB62-CFDA75AD7131}"
EndProject
Project("{FAE04EC0-301F-11D3-BF4B-00C04F79EFBC}") = "DTFx.WebApi", "DTFx\DTFx.WebApi\DTFx.WebApi.csproj", "{12E1F5E8-911F-A18F-B15C-382504D59927}"
EndProject
Project("{FAE04EC0-301F-11D3-BF4B-00C04F79EFBC}") = "DTFx.Worker", "DTFx\DTFx.Worker\DTFx.Worker.csproj", "{18AF7C16-46EF-7536-A9AD-CCCBAD346E5E}"
EndProject
Project("{FAE04EC0-301F-11D3-BF4B-00C04F79EFBC}") = "DTFx.ServiceDefaults", "DTFx\DTFx.ServiceDefaults\DTFx.ServiceDefaults.csproj", "{509F7B9C-7A11-125B-F7D1-16CB8527303E}"
EndProject
Project("{FAE04EC0-301F-11D3-BF4B-00C04F79EFBC}") = "Portable.Worker", "Portable\Portable.Worker\Portable.Worker.csproj", "{39DBCF5E-5F6E-2A4C-63DC-40D4CF4553C5}"
EndProject
Project("{FAE04EC0-301F-11D3-BF4B-00C04F79EFBC}") = "Portable.WebApi", "Portable\Portable.WebApi\Portable.WebApi.csproj", "{102F3FCC-88DB-CF02-31BB-FF809D18FD45}"
EndProject
Project("{FAE04EC0-301F-11D3-BF4B-00C04F79EFBC}") = "Portable.AppHost", "Portable\Portable.AppHost\Portable.AppHost.csproj", "{F9BE96F4-6874-44F7-B89F-D688865A9EFA}"
EndProject
Project("{FAE04EC0-301F-11D3-BF4B-00C04F79EFBC}") = "Portable.ServiceDefaults", "Portable\Portable.ServiceDefaults\Portable.ServiceDefaults.csproj", "{A1B5A922-D768-E1C1-3449-FA491B0686C2}"
EndProject
Global
	GlobalSection(SolutionConfigurationPlatforms) = preSolution
		Debug|Any CPU = Debug|Any CPU
		Release|Any CPU = Release|Any CPU
	EndGlobalSection
	GlobalSection(ProjectConfigurationPlatforms) = postSolution
		{8F442A26-F3A0-98E7-CB62-CFDA75AD7131}.Debug|Any CPU.ActiveCfg = Debug|Any CPU
		{8F442A26-F3A0-98E7-CB62-CFDA75AD7131}.Debug|Any CPU.Build.0 = Debug|Any CPU
		{8F442A26-F3A0-98E7-CB62-CFDA75AD7131}.Release|Any CPU.ActiveCfg = Release|Any CPU
		{8F442A26-F3A0-98E7-CB62-CFDA75AD7131}.Release|Any CPU.Build.0 = Release|Any CPU
		{12E1F5E8-911F-A18F-B15C-382504D59927}.Debug|Any CPU.ActiveCfg = Debug|Any CPU
		{12E1F5E8-911F-A18F-B15C-382504D59927}.Debug|Any CPU.Build.0 = Debug|Any CPU
		{12E1F5E8-911F-A18F-B15C-382504D59927}.Release|Any CPU.ActiveCfg = Release|Any CPU
		{12E1F5E8-911F-A18F-B15C-382504D59927}.Release|Any CPU.Build.0 = Release|Any CPU
		{18AF7C16-46EF-7536-A9AD-CCCBAD346E5E}.Debug|Any CPU.ActiveCfg = Debug|Any CPU
		{18AF7C16-46EF-7536-A9AD-CCCBAD346E5E}.Debug|Any CPU.Build.0 = Debug|Any CPU
		{18AF7C16-46EF-7536-A9AD-CCCBAD346E5E}.Release|Any CPU.ActiveCfg = Release|Any CPU
		{18AF7C16-46EF-7536-A9AD-CCCBAD346E5E}.Release|Any CPU.Build.0 = Release|Any CPU
		{509F7B9C-7A11-125B-F7D1-16CB8527303E}.Debug|Any CPU.ActiveCfg = Debug|Any CPU
		{509F7B9C-7A11-125B-F7D1-16CB8527303E}.Debug|Any CPU.Build.0 = Debug|Any CPU
		{509F7B9C-7A11-125B-F7D1-16CB8527303E}.Release|Any CPU.ActiveCfg = Release|Any CPU
		{509F7B9C-7A11-125B-F7D1-16CB8527303E}.Release|Any CPU.Build.0 = Release|Any CPU
		{39DBCF5E-5F6E-2A4C-63DC-40D4CF4553C5}.Debug|Any CPU.ActiveCfg = Debug|Any CPU
		{39DBCF5E-5F6E-2A4C-63DC-40D4CF4553C5}.Debug|Any CPU.Build.0 = Debug|Any CPU
		{39DBCF5E-5F6E-2A4C-63DC-40D4CF4553C5}.Release|Any CPU.ActiveCfg = Release|Any CPU
		{39DBCF5E-5F6E-2A4C-63DC-40D4CF4553C5}.Release|Any CPU.Build.0 = Release|Any CPU
		{102F3FCC-88DB-CF02-31BB-FF809D18FD45}.Debug|Any CPU.ActiveCfg = Debug|Any CPU
		{102F3FCC-88DB-CF02-31BB-FF809D18FD45}.Debug|Any CPU.Build.0 = Debug|Any CPU
		{102F3FCC-88DB-CF02-31BB-FF809D18FD45}.Release|Any CPU.ActiveCfg = Release|Any CPU
		{102F3FCC-88DB-CF02-31BB-FF809D18FD45}.Release|Any CPU.Build.0 = Release|Any CPU
		{F9BE96F4-6874-44F7-B89F-D688865A9EFA}.Debug|Any CPU.ActiveCfg = Debug|Any CPU
		{F9BE96F4-6874-44F7-B89F-D688865A9EFA}.Debug|Any CPU.Build.0 = Debug|Any CPU
		{F9BE96F4-6874-44F7-B89F-D688865A9EFA}.Release|Any CPU.ActiveCfg = Release|Any CPU
		{F9BE96F4-6874-44F7-B89F-D688865A9EFA}.Release|Any CPU.Build.0 = Release|Any CPU
		{A1B5A922-D768-E1C1-3449-FA491B0686C2}.Debug|Any CPU.ActiveCfg = Debug|Any CPU
		{A1B5A922-D768-E1C1-3449-FA491B0686C2}.Debug|Any CPU.Build.0 = Debug|Any CPU
		{A1B5A922-D768-E1C1-3449-FA491B0686C2}.Release|Any CPU.ActiveCfg = Release|Any CPU
		{A1B5A922-D768-E1C1-3449-FA491B0686C2}.Release|Any CPU.Build.0 = Release|Any CPU
	EndGlobalSection
	GlobalSection(SolutionProperties) = preSolution
		HideSolutionNode = FALSE
	EndGlobalSection
	GlobalSection(NestedProjects) = preSolution
		{8F442A26-F3A0-98E7-CB62-CFDA75AD7131} = {48BCA608-B37C-A5EE-74CE-26B38C71C515}
		{12E1F5E8-911F-A18F-B15C-382504D59927} = {48BCA608-B37C-A5EE-74CE-26B38C71C515}
		{18AF7C16-46EF-7536-A9AD-CCCBAD346E5E} = {48BCA608-B37C-A5EE-74CE-26B38C71C515}
		{509F7B9C-7A11-125B-F7D1-16CB8527303E} = {48BCA608-B37C-A5EE-74CE-26B38C71C515}
		{39DBCF5E-5F6E-2A4C-63DC-40D4CF4553C5} = {80445ED8-1328-06DE-D1A1-1272C52BEB66}
		{102F3FCC-88DB-CF02-31BB-FF809D18FD45} = {80445ED8-1328-06DE-D1A1-1272C52BEB66}
		{F9BE96F4-6874-44F7-B89F-D688865A9EFA} = {80445ED8-1328-06DE-D1A1-1272C52BEB66}
		{A1B5A922-D768-E1C1-3449-FA491B0686C2} = {80445ED8-1328-06DE-D1A1-1272C52BEB66}
	EndGlobalSection
	GlobalSection(ExtensibilityGlobals) = postSolution
		SolutionGuid = {2903B87B-3525-434A-91F1-5A673F5DBE80}
	EndGlobalSection
EndGlobal
